
Microsoft Visual Studio Solution File, Format Version 12.00
# Visual Studio 2013
VisualStudioVersion = 12.0.31101.0
MinimumVisualStudioVersion = 10.0.40219.1
Project("{FAE04EC0-301F-11D3-BF4B-00C04F79EFBC}") = "MaxMelcher.AzureSearch.SharePoint", "MaxMelcher.AzureSearch\MaxMelcher.AzureSearch.SharePoint.csproj", "{CF3DDF51-C100-4249-8EEE-4AE19E966BE2}"
EndProject
Project("{FAE04EC0-301F-11D3-BF4B-00C04F79EFBC}") = "MaxMelcher.AzureSearch.DataHub", "MaxMelcher.AzureSearch.DataHub\MaxMelcher.AzureSearch.DataHub.csproj", "{2D3CB1DE-248C-432A-A319-4CFB7D275262}"
EndProject
Global
	GlobalSection(SolutionConfigurationPlatforms) = preSolution
		Debug|Any CPU = Debug|Any CPU
		Release|Any CPU = Release|Any CPU
	EndGlobalSection
	GlobalSection(ProjectConfigurationPlatforms) = postSolution
		{CF3DDF51-C100-4249-8EEE-4AE19E966BE2}.Debug|Any CPU.ActiveCfg = Debug|Any CPU
		{CF3DDF51-C100-4249-8EEE-4AE19E966BE2}.Debug|Any CPU.Build.0 = Debug|Any CPU
		{CF3DDF51-C100-4249-8EEE-4AE19E966BE2}.Debug|Any CPU.Deploy.0 = Debug|Any CPU
		{CF3DDF51-C100-4249-8EEE-4AE19E966BE2}.Release|Any CPU.ActiveCfg = Release|Any CPU
		{CF3DDF51-C100-4249-8EEE-4AE19E966BE2}.Release|Any CPU.Build.0 = Release|Any CPU
		{CF3DDF51-C100-4249-8EEE-4AE19E966BE2}.Release|Any CPU.Deploy.0 = Release|Any CPU
		{2D3CB1DE-248C-432A-A319-4CFB7D275262}.Debug|Any CPU.ActiveCfg = Debug|Any CPU
		{2D3CB1DE-248C-432A-A319-4CFB7D275262}.Debug|Any CPU.Build.0 = Debug|Any CPU
		{2D3CB1DE-248C-432A-A319-4CFB7D275262}.Release|Any CPU.ActiveCfg = Release|Any CPU
		{2D3CB1DE-248C-432A-A319-4CFB7D275262}.Release|Any CPU.Build.0 = Release|Any CPU
	EndGlobalSection
	GlobalSection(SolutionProperties) = preSolution
		HideSolutionNode = FALSE
	EndGlobalSection
EndGlobal
